// !$*UTF8*$!
{
	archiveVersion = 1;
	classes = {
	};
	objectVersion = 46;
	objects = {

/* Begin PBXBuildFile section */
		512123D01CD17E8300E9046C /* KVScoreNode.m in Sources */ = {isa = PBXBuildFile; fileRef = 512123CC1CD17E8300E9046C /* KVScoreNode.m */; };
		518F8D941CD186EB008B9BD6 /* KVGameScene.m in Sources */ = {isa = PBXBuildFile; fileRef = 512123DE1CD17EAC00E9046C /* KVGameScene.m */; };
		518F8D951CD186EB008B9BD6 /* KVGameScene.sks in Resources */ = {isa = PBXBuildFile; fileRef = 512123DF1CD17EAC00E9046C /* KVGameScene.sks */; };
		518F8D961CD186EB008B9BD6 /* KVLoseScene.m in Sources */ = {isa = PBXBuildFile; fileRef = 512123E11CD17EAC00E9046C /* KVLoseScene.m */; };
		5A287F101CD11EA3004EC7D0 /* (null) in Sources */ = {isa = PBXBuildFile; };
		5A287F191CD11EC5004EC7D0 /* (null) in Sources */ = {isa = PBXBuildFile; };
		BF3787451CC99DEE006C1122 /* KVConstants.m in Sources */ = {isa = PBXBuildFile; fileRef = BF3787441CC99DEE006C1122 /* KVConstants.m */; };
		BF68D0921CC98C480082B447 /* main.m in Sources */ = {isa = PBXBuildFile; fileRef = BF68D0911CC98C480082B447 /* main.m */; };
		BF68D0951CC98C480082B447 /* AppDelegate.m in Sources */ = {isa = PBXBuildFile; fileRef = BF68D0941CC98C480082B447 /* AppDelegate.m */; };
		BF68D0A01CC98C490082B447 /* Main.storyboard in Resources */ = {isa = PBXBuildFile; fileRef = BF68D09E1CC98C490082B447 /* Main.storyboard */; };
		BF68D0A21CC98C490082B447 /* Assets.xcassets in Resources */ = {isa = PBXBuildFile; fileRef = BF68D0A11CC98C490082B447 /* Assets.xcassets */; };
		BF68D0A51CC98C490082B447 /* LaunchScreen.storyboard in Resources */ = {isa = PBXBuildFile; fileRef = BF68D0A31CC98C490082B447 /* LaunchScreen.storyboard */; };
		BF6ACA2E1CD16E25009E205A /* GameKit.framework in Frameworks */ = {isa = PBXBuildFile; fileRef = BF6ACA2D1CD16E25009E205A /* GameKit.framework */; };
		BF6ACA321CD17D0A009E205A /* KVGameCenterClient.m in Sources */ = {isa = PBXBuildFile; fileRef = BF6ACA311CD17D0A009E205A /* KVGameCenterClient.m */; };
		BF6ACA391CD185E4009E205A /* KVCreditsViewController.m in Sources */ = {isa = PBXBuildFile; fileRef = BF6ACA341CD185E4009E205A /* KVCreditsViewController.m */; };
		BF6ACA3A1CD185E4009E205A /* KVGameViewController.m in Sources */ = {isa = PBXBuildFile; fileRef = BF6ACA361CD185E4009E205A /* KVGameViewController.m */; };
		BF6ACA3B1CD185E4009E205A /* KVMenuViewController.m in Sources */ = {isa = PBXBuildFile; fileRef = BF6ACA381CD185E4009E205A /* KVMenuViewController.m */; };
		BF6ACA401CD18689009E205A /* KVEnemyNode.m in Sources */ = {isa = PBXBuildFile; fileRef = BF6ACA3D1CD18689009E205A /* KVEnemyNode.m */; };
		BF6ACA411CD18689009E205A /* KVPlayerNode.m in Sources */ = {isa = PBXBuildFile; fileRef = BF6ACA3F1CD18689009E205A /* KVPlayerNode.m */; };
/* End PBXBuildFile section */

/* Begin PBXFileReference section */
		512123CB1CD17E8300E9046C /* KVScoreNode.h */ = {isa = PBXFileReference; fileEncoding = 4; lastKnownFileType = sourcecode.c.h; path = KVScoreNode.h; sourceTree = "<group>"; };
		512123CC1CD17E8300E9046C /* KVScoreNode.m */ = {isa = PBXFileReference; fileEncoding = 4; lastKnownFileType = sourcecode.c.objc; path = KVScoreNode.m; sourceTree = "<group>"; };
		512123DD1CD17EAC00E9046C /* KVGameScene.h */ = {isa = PBXFileReference; fileEncoding = 4; lastKnownFileType = sourcecode.c.h; path = KVGameScene.h; sourceTree = "<group>"; };
		512123DE1CD17EAC00E9046C /* KVGameScene.m */ = {isa = PBXFileReference; fileEncoding = 4; lastKnownFileType = sourcecode.c.objc; path = KVGameScene.m; sourceTree = "<group>"; };
		512123DF1CD17EAC00E9046C /* KVGameScene.sks */ = {isa = PBXFileReference; lastKnownFileType = file.sks; path = KVGameScene.sks; sourceTree = "<group>"; };
		512123E01CD17EAC00E9046C /* KVLoseScene.h */ = {isa = PBXFileReference; fileEncoding = 4; lastKnownFileType = sourcecode.c.h; path = KVLoseScene.h; sourceTree = "<group>"; };
		512123E11CD17EAC00E9046C /* KVLoseScene.m */ = {isa = PBXFileReference; fileEncoding = 4; lastKnownFileType = sourcecode.c.objc; path = KVLoseScene.m; sourceTree = "<group>"; };
		512123E51CD17EC200E9046C /* SKLabelNode+KVLabelAdditions.h */ = {isa = PBXFileReference; fileEncoding = 4; lastKnownFileType = sourcecode.c.h; path = "SKLabelNode+KVLabelAdditions.h"; sourceTree = "<group>"; };
		512123E61CD17EC200E9046C /* SKLabelNode+KVLabelAdditions.m */ = {isa = PBXFileReference; fileEncoding = 4; lastKnownFileType = sourcecode.c.objc; path = "SKLabelNode+KVLabelAdditions.m"; sourceTree = "<group>"; };
		512123E71CD17EC200E9046C /* UIImage+KVImageAssets.h */ = {isa = PBXFileReference; fileEncoding = 4; lastKnownFileType = sourcecode.c.h; path = "UIImage+KVImageAssets.h"; sourceTree = "<group>"; };
		512123E81CD17EC200E9046C /* UIImage+KVImageAssets.m */ = {isa = PBXFileReference; fileEncoding = 4; lastKnownFileType = sourcecode.c.objc; path = "UIImage+KVImageAssets.m"; sourceTree = "<group>"; };
		BF3787431CC99DEE006C1122 /* KVConstants.h */ = {isa = PBXFileReference; fileEncoding = 4; lastKnownFileType = sourcecode.c.h; path = KVConstants.h; sourceTree = "<group>"; };
		BF3787441CC99DEE006C1122 /* KVConstants.m */ = {isa = PBXFileReference; fileEncoding = 4; lastKnownFileType = sourcecode.c.objc; path = KVConstants.m; sourceTree = "<group>"; };
		BF68D08D1CC98C480082B447 /* KVFood.app */ = {isa = PBXFileReference; explicitFileType = wrapper.application; includeInIndex = 0; path = KVFood.app; sourceTree = BUILT_PRODUCTS_DIR; };
		BF68D0911CC98C480082B447 /* main.m */ = {isa = PBXFileReference; lastKnownFileType = sourcecode.c.objc; path = main.m; sourceTree = "<group>"; };
		BF68D0931CC98C480082B447 /* AppDelegate.h */ = {isa = PBXFileReference; lastKnownFileType = sourcecode.c.h; path = AppDelegate.h; sourceTree = "<group>"; };
		BF68D0941CC98C480082B447 /* AppDelegate.m */ = {isa = PBXFileReference; lastKnownFileType = sourcecode.c.objc; path = AppDelegate.m; sourceTree = "<group>"; };
		BF68D09F1CC98C490082B447 /* Base */ = {isa = PBXFileReference; lastKnownFileType = file.storyboard; name = Base; path = Base.lproj/Main.storyboard; sourceTree = "<group>"; };
		BF68D0A11CC98C490082B447 /* Assets.xcassets */ = {isa = PBXFileReference; lastKnownFileType = folder.assetcatalog; path = Assets.xcassets; sourceTree = "<group>"; };
		BF68D0A41CC98C490082B447 /* Base */ = {isa = PBXFileReference; lastKnownFileType = file.storyboard; name = Base; path = Base.lproj/LaunchScreen.storyboard; sourceTree = "<group>"; };
		BF68D0A61CC98C490082B447 /* Info.plist */ = {isa = PBXFileReference; lastKnownFileType = text.plist.xml; path = Info.plist; sourceTree = "<group>"; };
		BF6ACA2D1CD16E25009E205A /* GameKit.framework */ = {isa = PBXFileReference; lastKnownFileType = wrapper.framework; name = GameKit.framework; path = System/Library/Frameworks/GameKit.framework; sourceTree = SDKROOT; };
		BF6ACA301CD17D0A009E205A /* KVGameCenterClient.h */ = {isa = PBXFileReference; fileEncoding = 4; lastKnownFileType = sourcecode.c.h; path = KVGameCenterClient.h; sourceTree = "<group>"; };
		BF6ACA311CD17D0A009E205A /* KVGameCenterClient.m */ = {isa = PBXFileReference; fileEncoding = 4; lastKnownFileType = sourcecode.c.objc; path = KVGameCenterClient.m; sourceTree = "<group>"; };
		BF6ACA331CD185E4009E205A /* KVCreditsViewController.h */ = {isa = PBXFileReference; fileEncoding = 4; lastKnownFileType = sourcecode.c.h; path = KVCreditsViewController.h; sourceTree = "<group>"; };
		BF6ACA341CD185E4009E205A /* KVCreditsViewController.m */ = {isa = PBXFileReference; fileEncoding = 4; lastKnownFileType = sourcecode.c.objc; path = KVCreditsViewController.m; sourceTree = "<group>"; };
		BF6ACA351CD185E4009E205A /* KVGameViewController.h */ = {isa = PBXFileReference; fileEncoding = 4; lastKnownFileType = sourcecode.c.h; path = KVGameViewController.h; sourceTree = "<group>"; };
		BF6ACA361CD185E4009E205A /* KVGameViewController.m */ = {isa = PBXFileReference; fileEncoding = 4; lastKnownFileType = sourcecode.c.objc; path = KVGameViewController.m; sourceTree = "<group>"; };
		BF6ACA371CD185E4009E205A /* KVMenuViewController.h */ = {isa = PBXFileReference; fileEncoding = 4; lastKnownFileType = sourcecode.c.h; path = KVMenuViewController.h; sourceTree = "<group>"; };
		BF6ACA381CD185E4009E205A /* KVMenuViewController.m */ = {isa = PBXFileReference; fileEncoding = 4; lastKnownFileType = sourcecode.c.objc; path = KVMenuViewController.m; sourceTree = "<group>"; };
		BF6ACA3C1CD18689009E205A /* KVEnemyNode.h */ = {isa = PBXFileReference; fileEncoding = 4; lastKnownFileType = sourcecode.c.h; path = KVEnemyNode.h; sourceTree = "<group>"; };
		BF6ACA3D1CD18689009E205A /* KVEnemyNode.m */ = {isa = PBXFileReference; fileEncoding = 4; lastKnownFileType = sourcecode.c.objc; path = KVEnemyNode.m; sourceTree = "<group>"; };
		BF6ACA3E1CD18689009E205A /* KVPlayerNode.h */ = {isa = PBXFileReference; fileEncoding = 4; lastKnownFileType = sourcecode.c.h; path = KVPlayerNode.h; sourceTree = "<group>"; };
		BF6ACA3F1CD18689009E205A /* KVPlayerNode.m */ = {isa = PBXFileReference; fileEncoding = 4; lastKnownFileType = sourcecode.c.objc; path = KVPlayerNode.m; sourceTree = "<group>"; };
/* End PBXFileReference section */

/* Begin PBXFrameworksBuildPhase section */
		BF68D08A1CC98C480082B447 /* Frameworks */ = {
			isa = PBXFrameworksBuildPhase;
			buildActionMask = 2147483647;
			files = (
				BF6ACA2E1CD16E25009E205A /* GameKit.framework in Frameworks */,
			);
			runOnlyForDeploymentPostprocessing = 0;
		};
/* End PBXFrameworksBuildPhase section */

/* Begin PBXGroup section */
		BF37873D1CC99043006C1122 /* GameScenes */ = {
			isa = PBXGroup;
			children = (
				512123DD1CD17EAC00E9046C /* KVGameScene.h */,
				512123DE1CD17EAC00E9046C /* KVGameScene.m */,
				512123DF1CD17EAC00E9046C /* KVGameScene.sks */,
				512123E01CD17EAC00E9046C /* KVLoseScene.h */,
				512123E11CD17EAC00E9046C /* KVLoseScene.m */,
			);
			path = GameScenes;
			sourceTree = "<group>";
		};
		BF37873E1CC9904D006C1122 /* ViewControllers */ = {
			isa = PBXGroup;
			children = (
				BF6ACA331CD185E4009E205A /* KVCreditsViewController.h */,
				BF6ACA341CD185E4009E205A /* KVCreditsViewController.m */,
				BF6ACA351CD185E4009E205A /* KVGameViewController.h */,
				BF6ACA361CD185E4009E205A /* KVGameViewController.m */,
				BF6ACA371CD185E4009E205A /* KVMenuViewController.h */,
				BF6ACA381CD185E4009E205A /* KVMenuViewController.m */,
			);
			path = ViewControllers;
			sourceTree = "<group>";
		};
		BF37873F1CC9905A006C1122 /* Models */ = {
			isa = PBXGroup;
			children = (
				BF6ACA3C1CD18689009E205A /* KVEnemyNode.h */,
				BF6ACA3D1CD18689009E205A /* KVEnemyNode.m */,
				BF6ACA3E1CD18689009E205A /* KVPlayerNode.h */,
				BF6ACA3F1CD18689009E205A /* KVPlayerNode.m */,
				512123CB1CD17E8300E9046C /* KVScoreNode.h */,
				512123CC1CD17E8300E9046C /* KVScoreNode.m */,
			);
			path = Models;
			sourceTree = "<group>";
		};
		BF37874E1CC9CDB1006C1122 /* Categories */ = {
			isa = PBXGroup;
			children = (
				512123E51CD17EC200E9046C /* SKLabelNode+KVLabelAdditions.h */,
				512123E61CD17EC200E9046C /* SKLabelNode+KVLabelAdditions.m */,
				512123E71CD17EC200E9046C /* UIImage+KVImageAssets.h */,
				512123E81CD17EC200E9046C /* UIImage+KVImageAssets.m */,
			);
			path = Categories;
			sourceTree = "<group>";
		};
		BF68D0841CC98C480082B447 = {
			isa = PBXGroup;
			children = (
				BF6ACA2D1CD16E25009E205A /* GameKit.framework */,
				BF68D08F1CC98C480082B447 /* KVFood */,
				BF68D08E1CC98C480082B447 /* Products */,
			);
			sourceTree = "<group>";
		};
		BF68D08E1CC98C480082B447 /* Products */ = {
			isa = PBXGroup;
			children = (
				BF68D08D1CC98C480082B447 /* KVFood.app */,
			);
			name = Products;
			sourceTree = "<group>";
		};
		BF68D08F1CC98C480082B447 /* KVFood */ = {
			isa = PBXGroup;
			children = (
				BF68D0931CC98C480082B447 /* AppDelegate.h */,
				BF68D0941CC98C480082B447 /* AppDelegate.m */,
				BF3787431CC99DEE006C1122 /* KVConstants.h */,
				BF3787441CC99DEE006C1122 /* KVConstants.m */,
				BF68D09E1CC98C490082B447 /* Main.storyboard */,
				BF6ACA2F1CD17CEE009E205A /* Game Center */,
				BF37874E1CC9CDB1006C1122 /* Categories */,
				BF37873F1CC9905A006C1122 /* Models */,
				BF37873E1CC9904D006C1122 /* ViewControllers */,
				BF37873D1CC99043006C1122 /* GameScenes */,
				BF68D0A11CC98C490082B447 /* Assets.xcassets */,
				BF68D0A31CC98C490082B447 /* LaunchScreen.storyboard */,
				BF68D0A61CC98C490082B447 /* Info.plist */,
				BF68D0901CC98C480082B447 /* Supporting Files */,
			);
			path = KVFood;
			sourceTree = "<group>";
		};
		BF68D0901CC98C480082B447 /* Supporting Files */ = {
			isa = PBXGroup;
			children = (
				BF68D0911CC98C480082B447 /* main.m */,
			);
			name = "Supporting Files";
			sourceTree = "<group>";
		};
		BF6ACA2F1CD17CEE009E205A /* Game Center */ = {
			isa = PBXGroup;
			children = (
				BF6ACA301CD17D0A009E205A /* KVGameCenterClient.h */,
				BF6ACA311CD17D0A009E205A /* KVGameCenterClient.m */,
			);
			path = "Game Center";
			sourceTree = "<group>";
		};
/* End PBXGroup section */

/* Begin PBXNativeTarget section */
		BF68D08C1CC98C480082B447 /* KVFood */ = {
			isa = PBXNativeTarget;
			buildConfigurationList = BF68D0A91CC98C490082B447 /* Build configuration list for PBXNativeTarget "KVFood" */;
			buildPhases = (
				BF68D0891CC98C480082B447 /* Sources */,
				BF68D08A1CC98C480082B447 /* Frameworks */,
				BF68D08B1CC98C480082B447 /* Resources */,
			);
			buildRules = (
			);
			dependencies = (
			);
			name = KVFood;
			productName = KVFood;
			productReference = BF68D08D1CC98C480082B447 /* KVFood.app */;
			productType = "com.apple.product-type.application";
		};
/* End PBXNativeTarget section */

/* Begin PBXProject section */
		BF68D0851CC98C480082B447 /* Project object */ = {
			isa = PBXProject;
			attributes = {
				LastUpgradeCheck = 0730;
				ORGANIZATIONNAME = "Kyle&Vince";
				TargetAttributes = {
					BF68D08C1CC98C480082B447 = {
						CreatedOnToolsVersion = 7.3;
						DevelopmentTeam = EACV9SVCG6;
						SystemCapabilities = {
							com.apple.GameCenter = {
								enabled = 1;
							};
						};
					};
				};
			};
			buildConfigurationList = BF68D0881CC98C480082B447 /* Build configuration list for PBXProject "KVFood" */;
			compatibilityVersion = "Xcode 3.2";
			developmentRegion = English;
			hasScannedForEncodings = 0;
			knownRegions = (
				en,
				Base,
			);
			mainGroup = BF68D0841CC98C480082B447;
			productRefGroup = BF68D08E1CC98C480082B447 /* Products */;
			projectDirPath = "";
			projectRoot = "";
			targets = (
				BF68D08C1CC98C480082B447 /* KVFood */,
			);
		};
/* End PBXProject section */

/* Begin PBXResourcesBuildPhase section */
		BF68D08B1CC98C480082B447 /* Resources */ = {
			isa = PBXResourcesBuildPhase;
			buildActionMask = 2147483647;
			files = (
				BF68D0A51CC98C490082B447 /* LaunchScreen.storyboard in Resources */,
				BF68D0A21CC98C490082B447 /* Assets.xcassets in Resources */,
				BF68D0A01CC98C490082B447 /* Main.storyboard in Resources */,
				518F8D951CD186EB008B9BD6 /* KVGameScene.sks in Resources */,
			);
			runOnlyForDeploymentPostprocessing = 0;
		};
/* End PBXResourcesBuildPhase section */

/* Begin PBXSourcesBuildPhase section */
		BF68D0891CC98C480082B447 /* Sources */ = {
			isa = PBXSourcesBuildPhase;
			buildActionMask = 2147483647;
			files = (
				518F8D961CD186EB008B9BD6 /* KVLoseScene.m in Sources */,
				BF6ACA3B1CD185E4009E205A /* KVMenuViewController.m in Sources */,
				BF6ACA411CD18689009E205A /* KVPlayerNode.m in Sources */,
				BF6ACA401CD18689009E205A /* KVEnemyNode.m in Sources */,
				512123D01CD17E8300E9046C /* KVScoreNode.m in Sources */,
				5A287F191CD11EC5004EC7D0 /* (null) in Sources */,
				BF6ACA391CD185E4009E205A /* KVCreditsViewController.m in Sources */,
				BF6ACA321CD17D0A009E205A /* KVGameCenterClient.m in Sources */,
				BF6ACA3A1CD185E4009E205A /* KVGameViewController.m in Sources */,
				5A287F101CD11EA3004EC7D0 /* (null) in Sources */,
				BF68D0951CC98C480082B447 /* AppDelegate.m in Sources */,
				BF3787451CC99DEE006C1122 /* KVConstants.m in Sources */,
				BF68D0921CC98C480082B447 /* main.m in Sources */,
				518F8D941CD186EB008B9BD6 /* KVGameScene.m in Sources */,
			);
			runOnlyForDeploymentPostprocessing = 0;
		};
/* End PBXSourcesBuildPhase section */

/* Begin PBXVariantGroup section */
		BF68D09E1CC98C490082B447 /* Main.storyboard */ = {
			isa = PBXVariantGroup;
			children = (
				BF68D09F1CC98C490082B447 /* Base */,
			);
			name = Main.storyboard;
			sourceTree = "<group>";
		};
		BF68D0A31CC98C490082B447 /* LaunchScreen.storyboard */ = {
			isa = PBXVariantGroup;
			children = (
				BF68D0A41CC98C490082B447 /* Base */,
			);
			name = LaunchScreen.storyboard;
			sourceTree = "<group>";
		};
/* End PBXVariantGroup section */

/* Begin XCBuildConfiguration section */
		BF68D0A71CC98C490082B447 /* Debug */ = {
			isa = XCBuildConfiguration;
			buildSettings = {
				ALWAYS_SEARCH_USER_PATHS = NO;
				CLANG_ANALYZER_NONNULL = YES;
				CLANG_CXX_LANGUAGE_STANDARD = "gnu++0x";
				CLANG_CXX_LIBRARY = "libc++";
				CLANG_ENABLE_MODULES = YES;
				CLANG_ENABLE_OBJC_ARC = YES;
				CLANG_WARN_BOOL_CONVERSION = YES;
				CLANG_WARN_CONSTANT_CONVERSION = YES;
				CLANG_WARN_DIRECT_OBJC_ISA_USAGE = YES_ERROR;
				CLANG_WARN_EMPTY_BODY = YES;
				CLANG_WARN_ENUM_CONVERSION = YES;
				CLANG_WARN_INT_CONVERSION = YES;
				CLANG_WARN_OBJC_ROOT_CLASS = YES_ERROR;
				CLANG_WARN_UNREACHABLE_CODE = YES;
				CLANG_WARN__DUPLICATE_METHOD_MATCH = YES;
				"CODE_SIGN_IDENTITY[sdk=iphoneos*]" = "iPhone Developer";
				COPY_PHASE_STRIP = NO;
				DEBUG_INFORMATION_FORMAT = "dwarf-with-dsym";
				ENABLE_STRICT_OBJC_MSGSEND = YES;
				ENABLE_TESTABILITY = YES;
				GCC_C_LANGUAGE_STANDARD = gnu99;
				GCC_DYNAMIC_NO_PIC = NO;
				GCC_NO_COMMON_BLOCKS = YES;
				GCC_OPTIMIZATION_LEVEL = 0;
				GCC_PREPROCESSOR_DEFINITIONS = (
					"DEBUG=1",
					"$(inherited)",
				);
				GCC_WARN_64_TO_32_BIT_CONVERSION = YES;
				GCC_WARN_ABOUT_RETURN_TYPE = YES_ERROR;
				GCC_WARN_UNDECLARED_SELECTOR = YES;
				GCC_WARN_UNINITIALIZED_AUTOS = YES_AGGRESSIVE;
				GCC_WARN_UNUSED_FUNCTION = YES;
				GCC_WARN_UNUSED_VARIABLE = YES;
				IPHONEOS_DEPLOYMENT_TARGET = 9.3;
				MTL_ENABLE_DEBUG_INFO = YES;
				ONLY_ACTIVE_ARCH = YES;
				SDKROOT = iphoneos;
				TARGETED_DEVICE_FAMILY = "1,2";
			};
			name = Debug;
		};
		BF68D0A81CC98C490082B447 /* Release */ = {
			isa = XCBuildConfiguration;
			buildSettings = {
				ALWAYS_SEARCH_USER_PATHS = NO;
				CLANG_ANALYZER_NONNULL = YES;
				CLANG_CXX_LANGUAGE_STANDARD = "gnu++0x";
				CLANG_CXX_LIBRARY = "libc++";
				CLANG_ENABLE_MODULES = YES;
				CLANG_ENABLE_OBJC_ARC = YES;
				CLANG_WARN_BOOL_CONVERSION = YES;
				CLANG_WARN_CONSTANT_CONVERSION = YES;
				CLANG_WARN_DIRECT_OBJC_ISA_USAGE = YES_ERROR;
				CLANG_WARN_EMPTY_BODY = YES;
				CLANG_WARN_ENUM_CONVERSION = YES;
				CLANG_WARN_INT_CONVERSION = YES;
				CLANG_WARN_OBJC_ROOT_CLASS = YES_ERROR;
				CLANG_WARN_UNREACHABLE_CODE = YES;
				CLANG_WARN__DUPLICATE_METHOD_MATCH = YES;
				"CODE_SIGN_IDENTITY[sdk=iphoneos*]" = "iPhone Developer";
				COPY_PHASE_STRIP = NO;
				DEBUG_INFORMATION_FORMAT = "dwarf-with-dsym";
				ENABLE_NS_ASSERTIONS = NO;
				ENABLE_STRICT_OBJC_MSGSEND = YES;
				GCC_C_LANGUAGE_STANDARD = gnu99;
				GCC_NO_COMMON_BLOCKS = YES;
				GCC_WARN_64_TO_32_BIT_CONVERSION = YES;
				GCC_WARN_ABOUT_RETURN_TYPE = YES_ERROR;
				GCC_WARN_UNDECLARED_SELECTOR = YES;
				GCC_WARN_UNINITIALIZED_AUTOS = YES_AGGRESSIVE;
				GCC_WARN_UNUSED_FUNCTION = YES;
				GCC_WARN_UNUSED_VARIABLE = YES;
				IPHONEOS_DEPLOYMENT_TARGET = 9.3;
				MTL_ENABLE_DEBUG_INFO = NO;
				SDKROOT = iphoneos;
				TARGETED_DEVICE_FAMILY = "1,2";
				VALIDATE_PRODUCT = YES;
			};
			name = Release;
		};
		BF68D0AA1CC98C490082B447 /* Debug */ = {
			isa = XCBuildConfiguration;
			buildSettings = {
				ASSETCATALOG_COMPILER_APPICON_NAME = AppIcon;
				CODE_SIGN_IDENTITY = "iPhone Developer";
				INFOPLIST_FILE = KVFood/Info.plist;
				LD_RUNPATH_SEARCH_PATHS = "$(inherited) @executable_path/Frameworks";
				PRODUCT_BUNDLE_IDENTIFIER = com.KyleVince.KVFood;
				PRODUCT_NAME = "$(TARGET_NAME)";
				PROVISIONING_PROFILE = "35acdd26-090b-40d5-a02c-c1c45404b605";
			};
			name = Debug;
		};
		BF68D0AB1CC98C490082B447 /* Release */ = {
			isa = XCBuildConfiguration;
			buildSettings = {
				ASSETCATALOG_COMPILER_APPICON_NAME = AppIcon;
				CODE_SIGN_IDENTITY = "iPhone Developer";
				INFOPLIST_FILE = KVFood/Info.plist;
				LD_RUNPATH_SEARCH_PATHS = "$(inherited) @executable_path/Frameworks";
				PRODUCT_BUNDLE_IDENTIFIER = com.KyleVince.KVFood;
				PRODUCT_NAME = "$(TARGET_NAME)";
				PROVISIONING_PROFILE = "35acdd26-090b-40d5-a02c-c1c45404b605";
			};
			name = Release;
		};
/* End XCBuildConfiguration section */

/* Begin XCConfigurationList section */
		BF68D0881CC98C480082B447 /* Build configuration list for PBXProject "KVFood" */ = {
			isa = XCConfigurationList;
			buildConfigurations = (
				BF68D0A71CC98C490082B447 /* Debug */,
				BF68D0A81CC98C490082B447 /* Release */,
			);
			defaultConfigurationIsVisible = 0;
			defaultConfigurationName = Release;
		};
		BF68D0A91CC98C490082B447 /* Build configuration list for PBXNativeTarget "KVFood" */ = {
			isa = XCConfigurationList;
			buildConfigurations = (
				BF68D0AA1CC98C490082B447 /* Debug */,
				BF68D0AB1CC98C490082B447 /* Release */,
			);
			defaultConfigurationIsVisible = 0;
			defaultConfigurationName = Release;
		};
/* End XCConfigurationList section */
	};
	rootObject = BF68D0851CC98C480082B447 /* Project object */;
}
